\section*{P2.1 {\footnotesize\hyperref[prob:P2.1]{(prob:P2.1)} \normalsize}}
 \addcontentsline{toc}{section}{P2.1 (prob:P2.1)}
 \markboth{Chapter\ 2\ \ Variables and Data Types}{Solutions: P2.1}
 \begin{itemize}
 \item[]
 \InputIfFileExists{solutions/prob:P2.1}{}{No Solution File Found}
 \end{itemize} \hrule
\section*{P2.2 {\footnotesize\hyperref[prob:P2.2]{(prob:P2.2)} \normalsize}}
 \addcontentsline{toc}{section}{P2.2 (prob:P2.2)}
 \markboth{Chapter\ 2\ \ Variables and Data Types}{Solutions: P2.2}
 \begin{itemize}
 \item[]
 \InputIfFileExists{solutions/prob:P2.2}{}{No Solution File Found}
 \end{itemize} \hrule
